
Microsoft Visual Studio Solution File, Format Version 12.00
# Visual Studio Version 17
VisualStudioVersion = 17.11.35312.102
MinimumVisualStudioVersion = 10.0.40219.1
Project("{9A19103F-16F7-4668-BE54-9A1E7A4F7556}") = "RuneFlipper.Server", "src\RuneFlipper.Server\RuneFlipper.Server.csproj", "{58AB88BE-B28B-4376-AF9F-F6E94B212959}"
EndProject
Project("{9A19103F-16F7-4668-BE54-9A1E7A4F7556}") = "Models", "src\Models\Models.csproj", "{1208CD1F-288A-4DCC-8A04-968F0A375218}"
EndProject
Project("{9A19103F-16F7-4668-BE54-9A1E7A4F7556}") = "MailService", "src\MailService\MailService.csproj", "{3CF70D9D-4630-42A6-AB89-000016EE2C73}"
EndProject
Project("{9A19103F-16F7-4668-BE54-9A1E7A4F7556}") = "Controllers", "src\Controllers\Controllers.csproj", "{09326F58-171C-4A8F-BBE3-4B1CD255D2FA}"
EndProject
Global
	GlobalSection(SolutionConfigurationPlatforms) = preSolution
		Debug|Any CPU = Debug|Any CPU
		Release|Any CPU = Release|Any CPU
	EndGlobalSection
	GlobalSection(ProjectConfigurationPlatforms) = postSolution
		{58AB88BE-B28B-4376-AF9F-F6E94B212959}.Debug|Any CPU.ActiveCfg = Debug|Any CPU
		{58AB88BE-B28B-4376-AF9F-F6E94B212959}.Debug|Any CPU.Build.0 = Debug|Any CPU
		{58AB88BE-B28B-4376-AF9F-F6E94B212959}.Release|Any CPU.ActiveCfg = Release|Any CPU
		{58AB88BE-B28B-4376-AF9F-F6E94B212959}.Release|Any CPU.Build.0 = Release|Any CPU
		{1208CD1F-288A-4DCC-8A04-968F0A375218}.Debug|Any CPU.ActiveCfg = Debug|Any CPU
		{1208CD1F-288A-4DCC-8A04-968F0A375218}.Debug|Any CPU.Build.0 = Debug|Any CPU
		{1208CD1F-288A-4DCC-8A04-968F0A375218}.Release|Any CPU.ActiveCfg = Release|Any CPU
		{1208CD1F-288A-4DCC-8A04-968F0A375218}.Release|Any CPU.Build.0 = Release|Any CPU
		{3CF70D9D-4630-42A6-AB89-000016EE2C73}.Debug|Any CPU.ActiveCfg = Debug|Any CPU
		{3CF70D9D-4630-42A6-AB89-000016EE2C73}.Debug|Any CPU.Build.0 = Debug|Any CPU
		{3CF70D9D-4630-42A6-AB89-000016EE2C73}.Release|Any CPU.ActiveCfg = Release|Any CPU
		{3CF70D9D-4630-42A6-AB89-000016EE2C73}.Release|Any CPU.Build.0 = Release|Any CPU
		{09326F58-171C-4A8F-BBE3-4B1CD255D2FA}.Debug|Any CPU.ActiveCfg = Debug|Any CPU
		{09326F58-171C-4A8F-BBE3-4B1CD255D2FA}.Debug|Any CPU.Build.0 = Debug|Any CPU
		{09326F58-171C-4A8F-BBE3-4B1CD255D2FA}.Release|Any CPU.ActiveCfg = Release|Any CPU
		{09326F58-171C-4A8F-BBE3-4B1CD255D2FA}.Release|Any CPU.Build.0 = Release|Any CPU
	EndGlobalSection
	GlobalSection(SolutionProperties) = preSolution
		HideSolutionNode = FALSE
	EndGlobalSection
	GlobalSection(ExtensibilityGlobals) = postSolution
		SolutionGuid = {01D35435-E2D2-44F4-A980-D12F7125FB9A}
	EndGlobalSection
EndGlobal
