
Microsoft Visual Studio Solution File, Format Version 12.00
# Visual Studio Version 17
VisualStudioVersion = 17.11.35312.102
MinimumVisualStudioVersion = 10.0.40219.1
Project("{9A19103F-16F7-4668-BE54-9A1E7A4F7556}") = "RuneFlipper.Server", "RuneFlipper.Server\RuneFlipper.Server.csproj", "{B79FA831-81C8-4271-B47A-04FD4AD4946E}"
	ProjectSection(ProjectDependencies) = postProject
		{8960C26D-89A7-4203-9895-A2A83A5ABDBA} = {8960C26D-89A7-4203-9895-A2A83A5ABDBA}
		{E6A09320-854C-4AE6-AFE1-30A3D6B69316} = {E6A09320-854C-4AE6-AFE1-30A3D6B69316}
		{F95E8DB4-70E0-4C33-AC44-4F3C7B856127} = {F95E8DB4-70E0-4C33-AC44-4F3C7B856127}
	EndProjectSection
EndProject
Project("{9A19103F-16F7-4668-BE54-9A1E7A4F7556}") = "Models", "Models\Models.csproj", "{F95E8DB4-70E0-4C33-AC44-4F3C7B856127}"
EndProject
Project("{9A19103F-16F7-4668-BE54-9A1E7A4F7556}") = "Controllers", "Controllers\Controllers.csproj", "{8960C26D-89A7-4203-9895-A2A83A5ABDBA}"
EndProject
Project("{9A19103F-16F7-4668-BE54-9A1E7A4F7556}") = "MailService", "MailService\MailService.csproj", "{E6A09320-854C-4AE6-AFE1-30A3D6B69316}"
EndProject
Project("{FAE04EC0-301F-11D3-BF4B-00C04F79EFBC}") = "RuneFlipper.Server.Test", "RuneFlipper.Server.Test\RuneFlipper.Server.Test.csproj", "{DA6AF93D-4815-4A4C-AAFA-6DF46C1F9359}"
	ProjectSection(ProjectDependencies) = postProject
		{8960C26D-89A7-4203-9895-A2A83A5ABDBA} = {8960C26D-89A7-4203-9895-A2A83A5ABDBA}
		{E6A09320-854C-4AE6-AFE1-30A3D6B69316} = {E6A09320-854C-4AE6-AFE1-30A3D6B69316}
		{F95E8DB4-70E0-4C33-AC44-4F3C7B856127} = {F95E8DB4-70E0-4C33-AC44-4F3C7B856127}
	EndProjectSection
EndProject
Global
	GlobalSection(SolutionConfigurationPlatforms) = preSolution
		Debug|Any CPU = Debug|Any CPU
		Release|Any CPU = Release|Any CPU
	EndGlobalSection
	GlobalSection(ProjectConfigurationPlatforms) = postSolution
		{B79FA831-81C8-4271-B47A-04FD4AD4946E}.Debug|Any CPU.ActiveCfg = Debug|Any CPU
		{B79FA831-81C8-4271-B47A-04FD4AD4946E}.Debug|Any CPU.Build.0 = Debug|Any CPU
		{B79FA831-81C8-4271-B47A-04FD4AD4946E}.Release|Any CPU.ActiveCfg = Release|Any CPU
		{B79FA831-81C8-4271-B47A-04FD4AD4946E}.Release|Any CPU.Build.0 = Release|Any CPU
		{F95E8DB4-70E0-4C33-AC44-4F3C7B856127}.Debug|Any CPU.ActiveCfg = Debug|Any CPU
		{F95E8DB4-70E0-4C33-AC44-4F3C7B856127}.Debug|Any CPU.Build.0 = Debug|Any CPU
		{F95E8DB4-70E0-4C33-AC44-4F3C7B856127}.Release|Any CPU.ActiveCfg = Release|Any CPU
		{F95E8DB4-70E0-4C33-AC44-4F3C7B856127}.Release|Any CPU.Build.0 = Release|Any CPU
		{8960C26D-89A7-4203-9895-A2A83A5ABDBA}.Debug|Any CPU.ActiveCfg = Debug|Any CPU
		{8960C26D-89A7-4203-9895-A2A83A5ABDBA}.Debug|Any CPU.Build.0 = Debug|Any CPU
		{8960C26D-89A7-4203-9895-A2A83A5ABDBA}.Release|Any CPU.ActiveCfg = Release|Any CPU
		{8960C26D-89A7-4203-9895-A2A83A5ABDBA}.Release|Any CPU.Build.0 = Release|Any CPU
		{E6A09320-854C-4AE6-AFE1-30A3D6B69316}.Debug|Any CPU.ActiveCfg = Debug|Any CPU
		{E6A09320-854C-4AE6-AFE1-30A3D6B69316}.Debug|Any CPU.Build.0 = Debug|Any CPU
		{E6A09320-854C-4AE6-AFE1-30A3D6B69316}.Release|Any CPU.ActiveCfg = Release|Any CPU
		{E6A09320-854C-4AE6-AFE1-30A3D6B69316}.Release|Any CPU.Build.0 = Release|Any CPU
		{DA6AF93D-4815-4A4C-AAFA-6DF46C1F9359}.Debug|Any CPU.ActiveCfg = Debug|Any CPU
		{DA6AF93D-4815-4A4C-AAFA-6DF46C1F9359}.Debug|Any CPU.Build.0 = Debug|Any CPU
		{DA6AF93D-4815-4A4C-AAFA-6DF46C1F9359}.Release|Any CPU.ActiveCfg = Release|Any CPU
		{DA6AF93D-4815-4A4C-AAFA-6DF46C1F9359}.Release|Any CPU.Build.0 = Release|Any CPU
	EndGlobalSection
	GlobalSection(SolutionProperties) = preSolution
		HideSolutionNode = FALSE
	EndGlobalSection
	GlobalSection(ExtensibilityGlobals) = postSolution
		SolutionGuid = {01D35435-E2D2-44F4-A980-D12F7125FB9A}
	EndGlobalSection
EndGlobal
