
Microsoft Visual Studio Solution File, Format Version 12.00
# Visual Studio Version 17
VisualStudioVersion = 17.11.35312.102
MinimumVisualStudioVersion = 10.0.40219.1
Project("{FAE04EC0-301F-11D3-BF4B-00C04F79EFBC}") = "RuneFlipper.Server", "RuneFlipper.Server\RuneFlipper.Server.csproj", "{B79FA831-81C8-4271-B47A-04FD4AD4946E}"
EndProject
Global
	GlobalSection(SolutionConfigurationPlatforms) = preSolution
		Debug|Any CPU = Debug|Any CPU
		Release|Any CPU = Release|Any CPU
	EndGlobalSection
	GlobalSection(ProjectConfigurationPlatforms) = postSolution
		{B79FA831-81C8-4271-B47A-04FD4AD4946E}.Debug|Any CPU.ActiveCfg = Debug|Any CPU
		{B79FA831-81C8-4271-B47A-04FD4AD4946E}.Debug|Any CPU.Build.0 = Debug|Any CPU
		{B79FA831-81C8-4271-B47A-04FD4AD4946E}.Release|Any CPU.ActiveCfg = Release|Any CPU
		{B79FA831-81C8-4271-B47A-04FD4AD4946E}.Release|Any CPU.Build.0 = Release|Any CPU
	EndGlobalSection
	GlobalSection(SolutionProperties) = preSolution
		HideSolutionNode = FALSE
	EndGlobalSection
	GlobalSection(ExtensibilityGlobals) = postSolution
		SolutionGuid = {01D35435-E2D2-44F4-A980-D12F7125FB9A}
	EndGlobalSection
EndGlobal
